
Microsoft Visual Studio Solution File, Format Version 12.00
# Visual Studio 15
VisualStudioVersion = 15.0.26730.8
MinimumVisualStudioVersion = 10.0.40219.1
Project("{FAE04EC0-301F-11D3-BF4B-00C04F79EFBC}") = "VolenteerManagementCore", "VolenteerManagementCore\VolenteerManagementCore.csproj", "{8477D60B-32D0-43A3-A5E7-A471E8CB38B5}"
EndProject
Global
	GlobalSection(SolutionConfigurationPlatforms) = preSolution
		Debug|Any CPU = Debug|Any CPU
		Release|Any CPU = Release|Any CPU
	EndGlobalSection
	GlobalSection(ProjectConfigurationPlatforms) = postSolution
		{8477D60B-32D0-43A3-A5E7-A471E8CB38B5}.Debug|Any CPU.ActiveCfg = Debug|Any CPU
		{8477D60B-32D0-43A3-A5E7-A471E8CB38B5}.Debug|Any CPU.Build.0 = Debug|Any CPU
		{8477D60B-32D0-43A3-A5E7-A471E8CB38B5}.Release|Any CPU.ActiveCfg = Release|Any CPU
		{8477D60B-32D0-43A3-A5E7-A471E8CB38B5}.Release|Any CPU.Build.0 = Release|Any CPU
	EndGlobalSection
	GlobalSection(SolutionProperties) = preSolution
		HideSolutionNode = FALSE
	EndGlobalSection
	GlobalSection(ExtensibilityGlobals) = postSolution
		SolutionGuid = {84118C93-5BB7-485D-8B0C-2A970F607416}
	EndGlobalSection
EndGlobal
